{
  "name": "db_test",
  "version": "1.0.0",
  "lockfileVersion": 1,
  "requires": true,
  "dependencies": {
    "colors": {
      "version": "0.5.1",
      "resolved": "https://registry.npmjs.org/colors/-/colors-0.5.1.tgz",
      "integrity": "sha1-fQAj6usVTo7p/Oddy5I9DtFmd3Q="
    },
    "hooks": {
      "version": "0.1.9",
      "resolved": "https://registry.npmjs.org/hooks/-/hooks-0.1.9.tgz",
      "integrity": "sha1-X4Yd72kWpTBx1Cuk0OLaPnb8BLg="
    },
    "mongodb": {
      "version": "0.9.7-3-5",
      "resolved": "https://registry.npmjs.org/mongodb/-/mongodb-0.9.7-3-5.tgz",
      "integrity": "sha1-xHTp2KydeJhQlPJV0rBQ+GUQ5Bs="
    },
    "mongoose": {
      "version": "2.4.10",
      "resolved": "https://registry.npmjs.org/mongoose/-/mongoose-2.4.10.tgz",
      "integrity": "sha1-YPsQh3b/JgpgcIyF+Aj+8muCWyc=",
      "requires": {
        "colors": "0.5.1",
        "hooks": "0.1.9",
        "mongodb": "0.9.7-3-5"
      }
    }
  }
}
